// !$*UTF8*$!
{
	archiveVersion = 1;
	classes = {
	};
	objectVersion = 46;
	objects = {

/* Begin PBXBuildFile section */
		3EEC304AD91C45138A3AF475 /* libPods.a in Frameworks */ = {isa = PBXBuildFile; fileRef = 3ED5DDE7360B4497AE32A859 /* libPods.a */; };
		A518618418CA4CD6009D807A /* TPEpisodeData.m in Sources */ = {isa = PBXBuildFile; fileRef = A518618318CA4CD6009D807A /* TPEpisodeData.m */; };
		A518618718CA4D19009D807A /* TPShowData.m in Sources */ = {isa = PBXBuildFile; fileRef = A518618618CA4D19009D807A /* TPShowData.m */; };
		A518618A18CA4DC7009D807A /* TPData.m in Sources */ = {isa = PBXBuildFile; fileRef = A518618918CA4DC7009D807A /* TPData.m */; };
		A518618D18CA4F33009D807A /* TPAuthorData.m in Sources */ = {isa = PBXBuildFile; fileRef = A518618C18CA4F33009D807A /* TPAuthorData.m */; };
		A518619018CA4FD7009D807A /* TPContributorData.m in Sources */ = {isa = PBXBuildFile; fileRef = A518618F18CA4FD7009D807A /* TPContributorData.m */; };
		A518619318CA57A7009D807A /* TPContributionData.m in Sources */ = {isa = PBXBuildFile; fileRef = A518619218CA57A7009D807A /* TPContributionData.m */; };
		A51B1FDB185BA678009FA46D /* TPPlayerManager.m in Sources */ = {isa = PBXBuildFile; fileRef = A51B1FDA185BA678009FA46D /* TPPlayerManager.m */; };
		A51B1FDE185CA5E1009FA46D /* TPShowEpisodeCell.m in Sources */ = {isa = PBXBuildFile; fileRef = A51B1FDD185CA5E1009FA46D /* TPShowEpisodeCell.m */; };
		A51B1FE1185CAE80009FA46D /* TPTimestampView.m in Sources */ = {isa = PBXBuildFile; fileRef = A51B1FE0185CAE80009FA46D /* TPTimestampView.m */; };
		A54B4CB319F936C7001B7004 /* TPTitleView.m in Sources */ = {isa = PBXBuildFile; fileRef = A54B4CB219F936C7001B7004 /* TPTitleView.m */; };
		A54B4CD619F94027001B7004 /* MKAnnotationView+WebCache.m in Sources */ = {isa = PBXBuildFile; fileRef = A54B4CB619F94027001B7004 /* MKAnnotationView+WebCache.m */; };
		A54B4CD719F94027001B7004 /* NSData+ImageContentType.m in Sources */ = {isa = PBXBuildFile; fileRef = A54B4CB819F94027001B7004 /* NSData+ImageContentType.m */; };
		A54B4CD819F94027001B7004 /* SDImageCache.m in Sources */ = {isa = PBXBuildFile; fileRef = A54B4CBA19F94027001B7004 /* SDImageCache.m */; };
		A54B4CD919F94027001B7004 /* SDWebImageCompat.m in Sources */ = {isa = PBXBuildFile; fileRef = A54B4CBC19F94027001B7004 /* SDWebImageCompat.m */; };
		A54B4CDA19F94027001B7004 /* SDWebImageDecoder.m in Sources */ = {isa = PBXBuildFile; fileRef = A54B4CBE19F94027001B7004 /* SDWebImageDecoder.m */; };
		A54B4CDB19F94027001B7004 /* SDWebImageDownloader.m in Sources */ = {isa = PBXBuildFile; fileRef = A54B4CC019F94027001B7004 /* SDWebImageDownloader.m */; };
		A54B4CDC19F94027001B7004 /* SDWebImageDownloaderOperation.m in Sources */ = {isa = PBXBuildFile; fileRef = A54B4CC219F94027001B7004 /* SDWebImageDownloaderOperation.m */; };
		A54B4CDD19F94027001B7004 /* SDWebImageManager.m in Sources */ = {isa = PBXBuildFile; fileRef = A54B4CC419F94027001B7004 /* SDWebImageManager.m */; };
		A54B4CDE19F94027001B7004 /* SDWebImagePrefetcher.m in Sources */ = {isa = PBXBuildFile; fileRef = A54B4CC719F94027001B7004 /* SDWebImagePrefetcher.m */; };
		A54B4CDF19F94027001B7004 /* UIButton+WebCache.m in Sources */ = {isa = PBXBuildFile; fileRef = A54B4CC919F94027001B7004 /* UIButton+WebCache.m */; };
		A54B4CE019F94027001B7004 /* UIImage+GIF.m in Sources */ = {isa = PBXBuildFile; fileRef = A54B4CCB19F94027001B7004 /* UIImage+GIF.m */; };
		A54B4CE119F94027001B7004 /* UIImage+MultiFormat.m in Sources */ = {isa = PBXBuildFile; fileRef = A54B4CCD19F94027001B7004 /* UIImage+MultiFormat.m */; };
		A54B4CE219F94027001B7004 /* UIImage+WebP.m in Sources */ = {isa = PBXBuildFile; fileRef = A54B4CCF19F94027001B7004 /* UIImage+WebP.m */; };
		A54B4CE319F94027001B7004 /* UIImageView+HighlightedWebCache.m in Sources */ = {isa = PBXBuildFile; fileRef = A54B4CD119F94027001B7004 /* UIImageView+HighlightedWebCache.m */; };
		A54B4CE419F94027001B7004 /* UIImageView+WebCache.m in Sources */ = {isa = PBXBuildFile; fileRef = A54B4CD319F94027001B7004 /* UIImageView+WebCache.m */; };
		A54B4CE519F94027001B7004 /* UIView+WebCacheOperation.m in Sources */ = {isa = PBXBuildFile; fileRef = A54B4CD519F94027001B7004 /* UIView+WebCacheOperation.m */; };
		A560DEF119F27EE60038A48E /* TPPlayButton.m in Sources */ = {isa = PBXBuildFile; fileRef = A560DEF019F27EE60038A48E /* TPPlayButton.m */; };
		A5628CB9185917F4007CA45C /* TPTapeCollectionCell.m in Sources */ = {isa = PBXBuildFile; fileRef = A5628CB8185917F4007CA45C /* TPTapeCollectionCell.m */; };
		A5A811F918B3910F0087DF31 /* TPContinuousProgramModel.m in Sources */ = {isa = PBXBuildFile; fileRef = A5A811F818B3910F0087DF31 /* TPContinuousProgramModel.m */; };
		A5DD0FFB1859FE42009D1A1A /* TPTapeCollectionLayout.m in Sources */ = {isa = PBXBuildFile; fileRef = A5DD0FFA1859FE42009D1A1A /* TPTapeCollectionLayout.m */; };
		A5DD0FFE185A100F009D1A1A /* TPOverlayViewController.m in Sources */ = {isa = PBXBuildFile; fileRef = A5DD0FFD185A100F009D1A1A /* TPOverlayViewController.m */; };
		A5DD1004185A1C02009D1A1A /* TPAudioPlayer.m in Sources */ = {isa = PBXBuildFile; fileRef = A5DD1003185A1C02009D1A1A /* TPAudioPlayer.m */; };
		A5DD100B185A53CC009D1A1A /* UIColor+Additions.m in Sources */ = {isa = PBXBuildFile; fileRef = A5DD100A185A53CC009D1A1A /* UIColor+Additions.m */; };
		A5DD100D185A5963009D1A1A /* CoreText.framework in Frameworks */ = {isa = PBXBuildFile; fileRef = A5DD100C185A5963009D1A1A /* CoreText.framework */; };
		A5DD1013185A75A8009D1A1A /* TPModel.m in Sources */ = {isa = PBXBuildFile; fileRef = A5DD1012185A75A8009D1A1A /* TPModel.m */; };
		A5DD1016185A7634009D1A1A /* TPShowInfoModel.m in Sources */ = {isa = PBXBuildFile; fileRef = A5DD1015185A7634009D1A1A /* TPShowInfoModel.m */; };
		A5DD1019185A7F4B009D1A1A /* TPShowInfoHeaderView.m in Sources */ = {isa = PBXBuildFile; fileRef = A5DD1018185A7F4B009D1A1A /* TPShowInfoHeaderView.m */; };
		A5DD101D185A8464009D1A1A /* MobileCoreServices.framework in Frameworks */ = {isa = PBXBuildFile; fileRef = A5DD101C185A8464009D1A1A /* MobileCoreServices.framework */; };
		A5DD101F185A847C009D1A1A /* SystemConfiguration.framework in Frameworks */ = {isa = PBXBuildFile; fileRef = A5DD101E185A847C009D1A1A /* SystemConfiguration.framework */; };
		A5DD1022185A8F0E009D1A1A /* TPFlipLabelView.m in Sources */ = {isa = PBXBuildFile; fileRef = A5DD1021185A8F0E009D1A1A /* TPFlipLabelView.m */; };
		A5DD1025185A9725009D1A1A /* NSDate+TPAdditions.m in Sources */ = {isa = PBXBuildFile; fileRef = A5DD1024185A9725009D1A1A /* NSDate+TPAdditions.m */; };
		A5DD1028185A9D83009D1A1A /* TPTabBar.m in Sources */ = {isa = PBXBuildFile; fileRef = A5DD1027185A9D83009D1A1A /* TPTabBar.m */; };
		A5DD102B185AC26C009D1A1A /* UIImage+ImageEffects.m in Sources */ = {isa = PBXBuildFile; fileRef = A5DD102A185AC26C009D1A1A /* UIImage+ImageEffects.m */; };
		A5DD102E185AEE16009D1A1A /* TPShowListCell.m in Sources */ = {isa = PBXBuildFile; fileRef = A5DD102D185AEE16009D1A1A /* TPShowListCell.m */; };
		A5E2479418590C1A006391AF /* TPEpisodeCollectionCell.m in Sources */ = {isa = PBXBuildFile; fileRef = A5E2479318590C1A006391AF /* TPEpisodeCollectionCell.m */; };
		A5F44AB819F8133E00A731CB /* MediaPlayer.framework in Frameworks */ = {isa = PBXBuildFile; fileRef = A5F44AB719F8133E00A731CB /* MediaPlayer.framework */; };
		A5F44ABB19F82F9900A731CB /* TPAuthorInfoHeaderView.m in Sources */ = {isa = PBXBuildFile; fileRef = A5F44ABA19F82F9900A731CB /* TPAuthorInfoHeaderView.m */; };
		A5FA37BB19F9921500249D51 /* InfoPlist.strings in Resources */ = {isa = PBXBuildFile; fileRef = A5FA37B419F9921500249D51 /* InfoPlist.strings */; };
		A5FA37BC19F9921500249D51 /* Localizable.strings in Resources */ = {isa = PBXBuildFile; fileRef = A5FA37B619F9921500249D51 /* Localizable.strings */; };
		A5FA37BD19F9921500249D51 /* Localizable.strings in Resources */ = {isa = PBXBuildFile; fileRef = A5FA37B919F9921500249D51 /* Localizable.strings */; };
		A5FA37C519F9BE9000249D51 /* showinfo.html in Resources */ = {isa = PBXBuildFile; fileRef = A5FA37C319F9BE9000249D51 /* showinfo.html */; };
		A5FA37C919FA572900249D51 /* TPCollectionViewController.m in Sources */ = {isa = PBXBuildFile; fileRef = A5FA37C819FA572900249D51 /* TPCollectionViewController.m */; };
		A5FA37CF19FA597700249D51 /* TPSmallEpisodeCell.m in Sources */ = {isa = PBXBuildFile; fileRef = A5FA37CE19FA597700249D51 /* TPSmallEpisodeCell.m */; };
		A5FA37D219FA63AD00249D51 /* authorinfo.html in Resources */ = {isa = PBXBuildFile; fileRef = A5FA37D019FA63AD00249D51 /* authorinfo.html */; };
		A5FA37D619FA667900249D51 /* TPShowCollectionCell.m in Sources */ = {isa = PBXBuildFile; fileRef = A5FA37D519FA667900249D51 /* TPShowCollectionCell.m */; };
		A5FA37D919FA8C4000249D51 /* TPShowPlaybackButton.m in Sources */ = {isa = PBXBuildFile; fileRef = A5FA37D819FA8C4000249D51 /* TPShowPlaybackButton.m */; };
		A5FA37DD19FA9F8900249D51 /* TPTapeSeekViewController.m in Sources */ = {isa = PBXBuildFile; fileRef = A5FA37DC19FA9F8900249D51 /* TPTapeSeekViewController.m */; };
		A5FA37E019FAA09000249D51 /* TPCollectionView.m in Sources */ = {isa = PBXBuildFile; fileRef = A5FA37DF19FAA09000249D51 /* TPCollectionView.m */; };
		A5FA37E519FAF4F300249D51 /* TPBackButtonHandler.m in Sources */ = {isa = PBXBuildFile; fileRef = A5FA37E419FAF4F300249D51 /* TPBackButtonHandler.m */; };
		A5FEBFBA1858AF390084B4C5 /* Foundation.framework in Frameworks */ = {isa = PBXBuildFile; fileRef = A5FEBFB91858AF390084B4C5 /* Foundation.framework */; };
		A5FEBFBC1858AF390084B4C5 /* CoreGraphics.framework in Frameworks */ = {isa = PBXBuildFile; fileRef = A5FEBFBB1858AF390084B4C5 /* CoreGraphics.framework */; };
		A5FEBFBE1858AF390084B4C5 /* UIKit.framework in Frameworks */ = {isa = PBXBuildFile; fileRef = A5FEBFBD1858AF390084B4C5 /* UIKit.framework */; };
		A5FEBFC61858AF390084B4C5 /* main.m in Sources */ = {isa = PBXBuildFile; fileRef = A5FEBFC51858AF390084B4C5 /* main.m */; };
		A5FEBFCD1858AF390084B4C5 /* Main_iPhone.storyboard in Resources */ = {isa = PBXBuildFile; fileRef = A5FEBFCB1858AF390084B4C5 /* Main_iPhone.storyboard */; };
		A5FEBFD81858AF390084B4C5 /* Images.xcassets in Resources */ = {isa = PBXBuildFile; fileRef = A5FEBFD71858AF390084B4C5 /* Images.xcassets */; };
		A5FEBFFB1858B2940084B4C5 /* TPAuthorListViewController.m in Sources */ = {isa = PBXBuildFile; fileRef = A5FEBFF61858B2940084B4C5 /* TPAuthorListViewController.m */; };
		A5FEBFFC1858B2940084B4C5 /* TPShowListViewController.m in Sources */ = {isa = PBXBuildFile; fileRef = A5FEBFF81858B2940084B4C5 /* TPShowListViewController.m */; };
		A5FEC0001858B2AB0084B4C5 /* TPAppDelegate.m in Sources */ = {isa = PBXBuildFile; fileRef = A5FEBFFF1858B2AB0084B4C5 /* TPAppDelegate.m */; };
		A5FEC0031858B2C40084B4C5 /* TPListModel.m in Sources */ = {isa = PBXBuildFile; fileRef = A5FEC0021858B2C40084B4C5 /* TPListModel.m */; };
		A5FEC0061858B4540084B4C5 /* TPTableViewController.m in Sources */ = {isa = PBXBuildFile; fileRef = A5FEC0051858B4540084B4C5 /* TPTableViewController.m */; };
		A5FEC0091858B6350084B4C5 /* TPAuthorListModel.m in Sources */ = {isa = PBXBuildFile; fileRef = A5FEC0081858B6350084B4C5 /* TPAuthorListModel.m */; };
		A5FEC0101858BA340084B4C5 /* NSDictionary+TPAdditions.m in Sources */ = {isa = PBXBuildFile; fileRef = A5FEC00F1858BA340084B4C5 /* NSDictionary+TPAdditions.m */; };
		A5FEC0131858BE170084B4C5 /* TPAuthorListCell.m in Sources */ = {isa = PBXBuildFile; fileRef = A5FEC0121858BE170084B4C5 /* TPAuthorListCell.m */; };
		A5FEC0161858BEEB0084B4C5 /* TPShowListModel.m in Sources */ = {isa = PBXBuildFile; fileRef = A5FEC0151858BEEB0084B4C5 /* TPShowListModel.m */; };
		A5FEC01C1858C1440084B4C5 /* TPAuthorInfoViewController.m in Sources */ = {isa = PBXBuildFile; fileRef = A5FEC01B1858C1440084B4C5 /* TPAuthorInfoViewController.m */; };
		A5FEC01F1858C1520084B4C5 /* TPShowInfoViewController.m in Sources */ = {isa = PBXBuildFile; fileRef = A5FEC01E1858C1520084B4C5 /* TPShowInfoViewController.m */; };
		A5FEC0241858C3A30084B4C5 /* TPEpisodeListViewController.m in Sources */ = {isa = PBXBuildFile; fileRef = A5FEC0231858C3A30084B4C5 /* TPEpisodeListViewController.m */; };
		A5FEC0271858C3BC0084B4C5 /* TPEpisodeListModel.m in Sources */ = {isa = PBXBuildFile; fileRef = A5FEC0261858C3BC0084B4C5 /* TPEpisodeListModel.m */; };
		A5FEC02A1858C9F20084B4C5 /* TPEpisodeListCell.m in Sources */ = {isa = PBXBuildFile; fileRef = A5FEC0291858C9F20084B4C5 /* TPEpisodeListCell.m */; };
		A5FEC02D1858DDC60084B4C5 /* TPPlayerViewController.m in Sources */ = {isa = PBXBuildFile; fileRef = A5FEC02C1858DDC60084B4C5 /* TPPlayerViewController.m */; };
		A5FEC030185901CA0084B4C5 /* NSArray+TPIndexedSorting.m in Sources */ = {isa = PBXBuildFile; fileRef = A5FEC02F185901CA0084B4C5 /* NSArray+TPIndexedSorting.m */; };
		EA4716A8185CF2BA00466D87 /* TPAuthorInfoModel.m in Sources */ = {isa = PBXBuildFile; fileRef = EA4716A7185CF2BA00466D87 /* TPAuthorInfoModel.m */; };
/* End PBXBuildFile section */

/* Begin PBXFileReference section */
		3ED5DDE7360B4497AE32A859 /* libPods.a */ = {isa = PBXFileReference; explicitFileType = archive.ar; includeInIndex = 0; path = libPods.a; sourceTree = BUILT_PRODUCTS_DIR; };
		5FD0CAB373EE2D6C4C83326A /* Pods.debug.xcconfig */ = {isa = PBXFileReference; includeInIndex = 1; lastKnownFileType = text.xcconfig; name = Pods.debug.xcconfig; path = "Pods/Target Support Files/Pods/Pods.debug.xcconfig"; sourceTree = "<group>"; };
		7AAE1A503F103E2FE028384E /* Pods.release.xcconfig */ = {isa = PBXFileReference; includeInIndex = 1; lastKnownFileType = text.xcconfig; name = Pods.release.xcconfig; path = "Pods/Target Support Files/Pods/Pods.release.xcconfig"; sourceTree = "<group>"; };
		A518618218CA4CD6009D807A /* TPEpisodeData.h */ = {isa = PBXFileReference; fileEncoding = 4; lastKnownFileType = sourcecode.c.h; path = TPEpisodeData.h; sourceTree = "<group>"; };
		A518618318CA4CD6009D807A /* TPEpisodeData.m */ = {isa = PBXFileReference; fileEncoding = 4; lastKnownFileType = sourcecode.c.objc; path = TPEpisodeData.m; sourceTree = "<group>"; };
		A518618518CA4D19009D807A /* TPShowData.h */ = {isa = PBXFileReference; fileEncoding = 4; lastKnownFileType = sourcecode.c.h; path = TPShowData.h; sourceTree = "<group>"; };
		A518618618CA4D19009D807A /* TPShowData.m */ = {isa = PBXFileReference; fileEncoding = 4; lastKnownFileType = sourcecode.c.objc; path = TPShowData.m; sourceTree = "<group>"; };
		A518618818CA4DC7009D807A /* TPData.h */ = {isa = PBXFileReference; fileEncoding = 4; lastKnownFileType = sourcecode.c.h; path = TPData.h; sourceTree = "<group>"; };
		A518618918CA4DC7009D807A /* TPData.m */ = {isa = PBXFileReference; fileEncoding = 4; lastKnownFileType = sourcecode.c.objc; path = TPData.m; sourceTree = "<group>"; };
		A518618B18CA4F33009D807A /* TPAuthorData.h */ = {isa = PBXFileReference; fileEncoding = 4; lastKnownFileType = sourcecode.c.h; path = TPAuthorData.h; sourceTree = "<group>"; };
		A518618C18CA4F33009D807A /* TPAuthorData.m */ = {isa = PBXFileReference; fileEncoding = 4; lastKnownFileType = sourcecode.c.objc; path = TPAuthorData.m; sourceTree = "<group>"; };
		A518618E18CA4FD7009D807A /* TPContributorData.h */ = {isa = PBXFileReference; fileEncoding = 4; lastKnownFileType = sourcecode.c.h; path = TPContributorData.h; sourceTree = "<group>"; };
		A518618F18CA4FD7009D807A /* TPContributorData.m */ = {isa = PBXFileReference; fileEncoding = 4; lastKnownFileType = sourcecode.c.objc; path = TPContributorData.m; sourceTree = "<group>"; };
		A518619118CA57A7009D807A /* TPContributionData.h */ = {isa = PBXFileReference; fileEncoding = 4; lastKnownFileType = sourcecode.c.h; path = TPContributionData.h; sourceTree = "<group>"; };
		A518619218CA57A7009D807A /* TPContributionData.m */ = {isa = PBXFileReference; fileEncoding = 4; lastKnownFileType = sourcecode.c.objc; path = TPContributionData.m; sourceTree = "<group>"; };
		A51B1FD9185BA678009FA46D /* TPPlayerManager.h */ = {isa = PBXFileReference; fileEncoding = 4; lastKnownFileType = sourcecode.c.h; path = TPPlayerManager.h; sourceTree = "<group>"; };
		A51B1FDA185BA678009FA46D /* TPPlayerManager.m */ = {isa = PBXFileReference; fileEncoding = 4; lastKnownFileType = sourcecode.c.objc; path = TPPlayerManager.m; sourceTree = "<group>"; };
		A51B1FDC185CA5E1009FA46D /* TPShowEpisodeCell.h */ = {isa = PBXFileReference; fileEncoding = 4; lastKnownFileType = sourcecode.c.h; path = TPShowEpisodeCell.h; sourceTree = "<group>"; };
		A51B1FDD185CA5E1009FA46D /* TPShowEpisodeCell.m */ = {isa = PBXFileReference; fileEncoding = 4; lastKnownFileType = sourcecode.c.objc; path = TPShowEpisodeCell.m; sourceTree = "<group>"; };
		A51B1FDF185CAE80009FA46D /* TPTimestampView.h */ = {isa = PBXFileReference; fileEncoding = 4; lastKnownFileType = sourcecode.c.h; path = TPTimestampView.h; sourceTree = "<group>"; };
		A51B1FE0185CAE80009FA46D /* TPTimestampView.m */ = {isa = PBXFileReference; fileEncoding = 4; lastKnownFileType = sourcecode.c.objc; path = TPTimestampView.m; sourceTree = "<group>"; };
		A54B4CB119F936C7001B7004 /* TPTitleView.h */ = {isa = PBXFileReference; fileEncoding = 4; lastKnownFileType = sourcecode.c.h; path = TPTitleView.h; sourceTree = "<group>"; };
		A54B4CB219F936C7001B7004 /* TPTitleView.m */ = {isa = PBXFileReference; fileEncoding = 4; lastKnownFileType = sourcecode.c.objc; path = TPTitleView.m; sourceTree = "<group>"; };
		A54B4CB519F94027001B7004 /* MKAnnotationView+WebCache.h */ = {isa = PBXFileReference; fileEncoding = 4; lastKnownFileType = sourcecode.c.h; path = "MKAnnotationView+WebCache.h"; sourceTree = "<group>"; };
		A54B4CB619F94027001B7004 /* MKAnnotationView+WebCache.m */ = {isa = PBXFileReference; fileEncoding = 4; lastKnownFileType = sourcecode.c.objc; path = "MKAnnotationView+WebCache.m"; sourceTree = "<group>"; };
		A54B4CB719F94027001B7004 /* NSData+ImageContentType.h */ = {isa = PBXFileReference; fileEncoding = 4; lastKnownFileType = sourcecode.c.h; path = "NSData+ImageContentType.h"; sourceTree = "<group>"; };
		A54B4CB819F94027001B7004 /* NSData+ImageContentType.m */ = {isa = PBXFileReference; fileEncoding = 4; lastKnownFileType = sourcecode.c.objc; path = "NSData+ImageContentType.m"; sourceTree = "<group>"; };
		A54B4CB919F94027001B7004 /* SDImageCache.h */ = {isa = PBXFileReference; fileEncoding = 4; lastKnownFileType = sourcecode.c.h; path = SDImageCache.h; sourceTree = "<group>"; };
		A54B4CBA19F94027001B7004 /* SDImageCache.m */ = {isa = PBXFileReference; fileEncoding = 4; lastKnownFileType = sourcecode.c.objc; path = SDImageCache.m; sourceTree = "<group>"; };
		A54B4CBB19F94027001B7004 /* SDWebImageCompat.h */ = {isa = PBXFileReference; fileEncoding = 4; lastKnownFileType = sourcecode.c.h; path = SDWebImageCompat.h; sourceTree = "<group>"; };
		A54B4CBC19F94027001B7004 /* SDWebImageCompat.m */ = {isa = PBXFileReference; fileEncoding = 4; lastKnownFileType = sourcecode.c.objc; path = SDWebImageCompat.m; sourceTree = "<group>"; };
		A54B4CBD19F94027001B7004 /* SDWebImageDecoder.h */ = {isa = PBXFileReference; fileEncoding = 4; lastKnownFileType = sourcecode.c.h; path = SDWebImageDecoder.h; sourceTree = "<group>"; };
		A54B4CBE19F94027001B7004 /* SDWebImageDecoder.m */ = {isa = PBXFileReference; fileEncoding = 4; lastKnownFileType = sourcecode.c.objc; path = SDWebImageDecoder.m; sourceTree = "<group>"; };
		A54B4CBF19F94027001B7004 /* SDWebImageDownloader.h */ = {isa = PBXFileReference; fileEncoding = 4; lastKnownFileType = sourcecode.c.h; path = SDWebImageDownloader.h; sourceTree = "<group>"; };
		A54B4CC019F94027001B7004 /* SDWebImageDownloader.m */ = {isa = PBXFileReference; fileEncoding = 4; lastKnownFileType = sourcecode.c.objc; path = SDWebImageDownloader.m; sourceTree = "<group>"; };
		A54B4CC119F94027001B7004 /* SDWebImageDownloaderOperation.h */ = {isa = PBXFileReference; fileEncoding = 4; lastKnownFileType = sourcecode.c.h; path = SDWebImageDownloaderOperation.h; sourceTree = "<group>"; };
		A54B4CC219F94027001B7004 /* SDWebImageDownloaderOperation.m */ = {isa = PBXFileReference; fileEncoding = 4; lastKnownFileType = sourcecode.c.objc; path = SDWebImageDownloaderOperation.m; sourceTree = "<group>"; };
		A54B4CC319F94027001B7004 /* SDWebImageManager.h */ = {isa = PBXFileReference; fileEncoding = 4; lastKnownFileType = sourcecode.c.h; path = SDWebImageManager.h; sourceTree = "<group>"; };
		A54B4CC419F94027001B7004 /* SDWebImageManager.m */ = {isa = PBXFileReference; fileEncoding = 4; lastKnownFileType = sourcecode.c.objc; path = SDWebImageManager.m; sourceTree = "<group>"; };
		A54B4CC519F94027001B7004 /* SDWebImageOperation.h */ = {isa = PBXFileReference; fileEncoding = 4; lastKnownFileType = sourcecode.c.h; path = SDWebImageOperation.h; sourceTree = "<group>"; };
		A54B4CC619F94027001B7004 /* SDWebImagePrefetcher.h */ = {isa = PBXFileReference; fileEncoding = 4; lastKnownFileType = sourcecode.c.h; path = SDWebImagePrefetcher.h; sourceTree = "<group>"; };
		A54B4CC719F94027001B7004 /* SDWebImagePrefetcher.m */ = {isa = PBXFileReference; fileEncoding = 4; lastKnownFileType = sourcecode.c.objc; path = SDWebImagePrefetcher.m; sourceTree = "<group>"; };
		A54B4CC819F94027001B7004 /* UIButton+WebCache.h */ = {isa = PBXFileReference; fileEncoding = 4; lastKnownFileType = sourcecode.c.h; path = "UIButton+WebCache.h"; sourceTree = "<group>"; };
		A54B4CC919F94027001B7004 /* UIButton+WebCache.m */ = {isa = PBXFileReference; fileEncoding = 4; lastKnownFileType = sourcecode.c.objc; path = "UIButton+WebCache.m"; sourceTree = "<group>"; };
		A54B4CCA19F94027001B7004 /* UIImage+GIF.h */ = {isa = PBXFileReference; fileEncoding = 4; lastKnownFileType = sourcecode.c.h; path = "UIImage+GIF.h"; sourceTree = "<group>"; };
		A54B4CCB19F94027001B7004 /* UIImage+GIF.m */ = {isa = PBXFileReference; fileEncoding = 4; lastKnownFileType = sourcecode.c.objc; path = "UIImage+GIF.m"; sourceTree = "<group>"; };
		A54B4CCC19F94027001B7004 /* UIImage+MultiFormat.h */ = {isa = PBXFileReference; fileEncoding = 4; lastKnownFileType = sourcecode.c.h; path = "UIImage+MultiFormat.h"; sourceTree = "<group>"; };
		A54B4CCD19F94027001B7004 /* UIImage+MultiFormat.m */ = {isa = PBXFileReference; fileEncoding = 4; lastKnownFileType = sourcecode.c.objc; path = "UIImage+MultiFormat.m"; sourceTree = "<group>"; };
		A54B4CCE19F94027001B7004 /* UIImage+WebP.h */ = {isa = PBXFileReference; fileEncoding = 4; lastKnownFileType = sourcecode.c.h; path = "UIImage+WebP.h"; sourceTree = "<group>"; };
		A54B4CCF19F94027001B7004 /* UIImage+WebP.m */ = {isa = PBXFileReference; fileEncoding = 4; lastKnownFileType = sourcecode.c.objc; path = "UIImage+WebP.m"; sourceTree = "<group>"; };
		A54B4CD019F94027001B7004 /* UIImageView+HighlightedWebCache.h */ = {isa = PBXFileReference; fileEncoding = 4; lastKnownFileType = sourcecode.c.h; path = "UIImageView+HighlightedWebCache.h"; sourceTree = "<group>"; };
		A54B4CD119F94027001B7004 /* UIImageView+HighlightedWebCache.m */ = {isa = PBXFileReference; fileEncoding = 4; lastKnownFileType = sourcecode.c.objc; path = "UIImageView+HighlightedWebCache.m"; sourceTree = "<group>"; };
		A54B4CD219F94027001B7004 /* UIImageView+WebCache.h */ = {isa = PBXFileReference; fileEncoding = 4; lastKnownFileType = sourcecode.c.h; path = "UIImageView+WebCache.h"; sourceTree = "<group>"; };
		A54B4CD319F94027001B7004 /* UIImageView+WebCache.m */ = {isa = PBXFileReference; fileEncoding = 4; lastKnownFileType = sourcecode.c.objc; path = "UIImageView+WebCache.m"; sourceTree = "<group>"; };
		A54B4CD419F94027001B7004 /* UIView+WebCacheOperation.h */ = {isa = PBXFileReference; fileEncoding = 4; lastKnownFileType = sourcecode.c.h; path = "UIView+WebCacheOperation.h"; sourceTree = "<group>"; };
		A54B4CD519F94027001B7004 /* UIView+WebCacheOperation.m */ = {isa = PBXFileReference; fileEncoding = 4; lastKnownFileType = sourcecode.c.objc; path = "UIView+WebCacheOperation.m"; sourceTree = "<group>"; };
		A560DEEF19F27EE60038A48E /* TPPlayButton.h */ = {isa = PBXFileReference; fileEncoding = 4; lastKnownFileType = sourcecode.c.h; path = TPPlayButton.h; sourceTree = "<group>"; };
		A560DEF019F27EE60038A48E /* TPPlayButton.m */ = {isa = PBXFileReference; fileEncoding = 4; lastKnownFileType = sourcecode.c.objc; path = TPPlayButton.m; sourceTree = "<group>"; };
		A5628CB7185917F4007CA45C /* TPTapeCollectionCell.h */ = {isa = PBXFileReference; fileEncoding = 4; lastKnownFileType = sourcecode.c.h; path = TPTapeCollectionCell.h; sourceTree = "<group>"; };
		A5628CB8185917F4007CA45C /* TPTapeCollectionCell.m */ = {isa = PBXFileReference; fileEncoding = 4; lastKnownFileType = sourcecode.c.objc; path = TPTapeCollectionCell.m; sourceTree = "<group>"; };
		A5A811F718B3910F0087DF31 /* TPContinuousProgramModel.h */ = {isa = PBXFileReference; fileEncoding = 4; lastKnownFileType = sourcecode.c.h; path = TPContinuousProgramModel.h; sourceTree = "<group>"; };
		A5A811F818B3910F0087DF31 /* TPContinuousProgramModel.m */ = {isa = PBXFileReference; fileEncoding = 4; lastKnownFileType = sourcecode.c.objc; path = TPContinuousProgramModel.m; sourceTree = "<group>"; };
		A5DD0FF91859FE42009D1A1A /* TPTapeCollectionLayout.h */ = {isa = PBXFileReference; fileEncoding = 4; lastKnownFileType = sourcecode.c.h; path = TPTapeCollectionLayout.h; sourceTree = "<group>"; };
		A5DD0FFA1859FE42009D1A1A /* TPTapeCollectionLayout.m */ = {isa = PBXFileReference; fileEncoding = 4; lastKnownFileType = sourcecode.c.objc; path = TPTapeCollectionLayout.m; sourceTree = "<group>"; };
		A5DD0FFC185A100F009D1A1A /* TPOverlayViewController.h */ = {isa = PBXFileReference; fileEncoding = 4; lastKnownFileType = sourcecode.c.h; path = TPOverlayViewController.h; sourceTree = "<group>"; };
		A5DD0FFD185A100F009D1A1A /* TPOverlayViewController.m */ = {isa = PBXFileReference; fileEncoding = 4; lastKnownFileType = sourcecode.c.objc; path = TPOverlayViewController.m; sourceTree = "<group>"; };
		A5DD1002185A1C02009D1A1A /* TPAudioPlayer.h */ = {isa = PBXFileReference; fileEncoding = 4; lastKnownFileType = sourcecode.c.h; path = TPAudioPlayer.h; sourceTree = "<group>"; };
		A5DD1003185A1C02009D1A1A /* TPAudioPlayer.m */ = {isa = PBXFileReference; fileEncoding = 4; lastKnownFileType = sourcecode.c.objc; path = TPAudioPlayer.m; sourceTree = "<group>"; };
		A5DD1005185A1C71009D1A1A /* SynthesizeSingleton.h */ = {isa = PBXFileReference; fileEncoding = 4; lastKnownFileType = sourcecode.c.h; path = SynthesizeSingleton.h; sourceTree = "<group>"; };
		A5DD1009185A53CC009D1A1A /* UIColor+Additions.h */ = {isa = PBXFileReference; fileEncoding = 4; lastKnownFileType = sourcecode.c.h; path = "UIColor+Additions.h"; sourceTree = "<group>"; };
		A5DD100A185A53CC009D1A1A /* UIColor+Additions.m */ = {isa = PBXFileReference; fileEncoding = 4; lastKnownFileType = sourcecode.c.objc; path = "UIColor+Additions.m"; sourceTree = "<group>"; };
		A5DD100C185A5963009D1A1A /* CoreText.framework */ = {isa = PBXFileReference; lastKnownFileType = wrapper.framework; name = CoreText.framework; path = System/Library/Frameworks/CoreText.framework; sourceTree = SDKROOT; };
		A5DD1011185A75A8009D1A1A /* TPModel.h */ = {isa = PBXFileReference; fileEncoding = 4; lastKnownFileType = sourcecode.c.h; path = TPModel.h; sourceTree = "<group>"; };
		A5DD1012185A75A8009D1A1A /* TPModel.m */ = {isa = PBXFileReference; fileEncoding = 4; lastKnownFileType = sourcecode.c.objc; path = TPModel.m; sourceTree = "<group>"; };
		A5DD1014185A7634009D1A1A /* TPShowInfoModel.h */ = {isa = PBXFileReference; fileEncoding = 4; lastKnownFileType = sourcecode.c.h; path = TPShowInfoModel.h; sourceTree = "<group>"; };
		A5DD1015185A7634009D1A1A /* TPShowInfoModel.m */ = {isa = PBXFileReference; fileEncoding = 4; lastKnownFileType = sourcecode.c.objc; path = TPShowInfoModel.m; sourceTree = "<group>"; };
		A5DD1017185A7F4B009D1A1A /* TPShowInfoHeaderView.h */ = {isa = PBXFileReference; fileEncoding = 4; lastKnownFileType = sourcecode.c.h; path = TPShowInfoHeaderView.h; sourceTree = "<group>"; };
		A5DD1018185A7F4B009D1A1A /* TPShowInfoHeaderView.m */ = {isa = PBXFileReference; fileEncoding = 4; lastKnownFileType = sourcecode.c.objc; path = TPShowInfoHeaderView.m; sourceTree = "<group>"; };
		A5DD101C185A8464009D1A1A /* MobileCoreServices.framework */ = {isa = PBXFileReference; lastKnownFileType = wrapper.framework; name = MobileCoreServices.framework; path = System/Library/Frameworks/MobileCoreServices.framework; sourceTree = SDKROOT; };
		A5DD101E185A847C009D1A1A /* SystemConfiguration.framework */ = {isa = PBXFileReference; lastKnownFileType = wrapper.framework; name = SystemConfiguration.framework; path = System/Library/Frameworks/SystemConfiguration.framework; sourceTree = SDKROOT; };
		A5DD1020185A8F0E009D1A1A /* TPFlipLabelView.h */ = {isa = PBXFileReference; fileEncoding = 4; lastKnownFileType = sourcecode.c.h; path = TPFlipLabelView.h; sourceTree = "<group>"; };
		A5DD1021185A8F0E009D1A1A /* TPFlipLabelView.m */ = {isa = PBXFileReference; fileEncoding = 4; lastKnownFileType = sourcecode.c.objc; path = TPFlipLabelView.m; sourceTree = "<group>"; };
		A5DD1023185A9725009D1A1A /* NSDate+TPAdditions.h */ = {isa = PBXFileReference; fileEncoding = 4; lastKnownFileType = sourcecode.c.h; path = "NSDate+TPAdditions.h"; sourceTree = "<group>"; };
		A5DD1024185A9725009D1A1A /* NSDate+TPAdditions.m */ = {isa = PBXFileReference; fileEncoding = 4; lastKnownFileType = sourcecode.c.objc; path = "NSDate+TPAdditions.m"; sourceTree = "<group>"; };
		A5DD1026185A9D83009D1A1A /* TPTabBar.h */ = {isa = PBXFileReference; fileEncoding = 4; lastKnownFileType = sourcecode.c.h; path = TPTabBar.h; sourceTree = "<group>"; };
		A5DD1027185A9D83009D1A1A /* TPTabBar.m */ = {isa = PBXFileReference; fileEncoding = 4; lastKnownFileType = sourcecode.c.objc; path = TPTabBar.m; sourceTree = "<group>"; };
		A5DD1029185AC26C009D1A1A /* UIImage+ImageEffects.h */ = {isa = PBXFileReference; fileEncoding = 4; lastKnownFileType = sourcecode.c.h; path = "UIImage+ImageEffects.h"; sourceTree = "<group>"; };
		A5DD102A185AC26C009D1A1A /* UIImage+ImageEffects.m */ = {isa = PBXFileReference; fileEncoding = 4; lastKnownFileType = sourcecode.c.objc; path = "UIImage+ImageEffects.m"; sourceTree = "<group>"; };
		A5DD102C185AEE16009D1A1A /* TPShowListCell.h */ = {isa = PBXFileReference; fileEncoding = 4; lastKnownFileType = sourcecode.c.h; path = TPShowListCell.h; sourceTree = "<group>"; };
		A5DD102D185AEE16009D1A1A /* TPShowListCell.m */ = {isa = PBXFileReference; fileEncoding = 4; lastKnownFileType = sourcecode.c.objc; path = TPShowListCell.m; sourceTree = "<group>"; };
		A5E2479218590C1A006391AF /* TPEpisodeCollectionCell.h */ = {isa = PBXFileReference; fileEncoding = 4; lastKnownFileType = sourcecode.c.h; path = TPEpisodeCollectionCell.h; sourceTree = "<group>"; };
		A5E2479318590C1A006391AF /* TPEpisodeCollectionCell.m */ = {isa = PBXFileReference; fileEncoding = 4; lastKnownFileType = sourcecode.c.objc; path = TPEpisodeCollectionCell.m; sourceTree = "<group>"; };
		A5F44AB719F8133E00A731CB /* MediaPlayer.framework */ = {isa = PBXFileReference; lastKnownFileType = wrapper.framework; name = MediaPlayer.framework; path = System/Library/Frameworks/MediaPlayer.framework; sourceTree = SDKROOT; };
		A5F44AB919F82F9900A731CB /* TPAuthorInfoHeaderView.h */ = {isa = PBXFileReference; fileEncoding = 4; lastKnownFileType = sourcecode.c.h; path = TPAuthorInfoHeaderView.h; sourceTree = "<group>"; };
		A5F44ABA19F82F9900A731CB /* TPAuthorInfoHeaderView.m */ = {isa = PBXFileReference; fileEncoding = 4; lastKnownFileType = sourcecode.c.objc; path = TPAuthorInfoHeaderView.m; sourceTree = "<group>"; };
		A5FA37B519F9921500249D51 /* en */ = {isa = PBXFileReference; lastKnownFileType = text.plist.strings; name = en; path = InfoPlist.strings; sourceTree = "<group>"; };
		A5FA37B719F9921500249D51 /* en */ = {isa = PBXFileReference; lastKnownFileType = text.plist.strings; name = en; path = Localizable.strings; sourceTree = "<group>"; };
		A5FA37BA19F9921500249D51 /* hu */ = {isa = PBXFileReference; lastKnownFileType = text.plist.strings; name = hu; path = Localizable.strings; sourceTree = "<group>"; };
		A5FA37C319F9BE9000249D51 /* showinfo.html */ = {isa = PBXFileReference; fileEncoding = 4; lastKnownFileType = text.html; path = showinfo.html; sourceTree = "<group>"; };
		A5FA37C719FA572900249D51 /* TPCollectionViewController.h */ = {isa = PBXFileReference; fileEncoding = 4; lastKnownFileType = sourcecode.c.h; path = TPCollectionViewController.h; sourceTree = "<group>"; };
		A5FA37C819FA572900249D51 /* TPCollectionViewController.m */ = {isa = PBXFileReference; fileEncoding = 4; lastKnownFileType = sourcecode.c.objc; path = TPCollectionViewController.m; sourceTree = "<group>"; };
		A5FA37CA19FA589400249D51 /* TPCollectionCellFactory.h */ = {isa = PBXFileReference; fileEncoding = 4; lastKnownFileType = sourcecode.c.h; path = TPCollectionCellFactory.h; sourceTree = "<group>"; };
		A5FA37CD19FA597700249D51 /* TPSmallEpisodeCell.h */ = {isa = PBXFileReference; fileEncoding = 4; lastKnownFileType = sourcecode.c.h; path = TPSmallEpisodeCell.h; sourceTree = "<group>"; };
		A5FA37CE19FA597700249D51 /* TPSmallEpisodeCell.m */ = {isa = PBXFileReference; fileEncoding = 4; lastKnownFileType = sourcecode.c.objc; path = TPSmallEpisodeCell.m; sourceTree = "<group>"; };
		A5FA37D019FA63AD00249D51 /* authorinfo.html */ = {isa = PBXFileReference; fileEncoding = 4; lastKnownFileType = text.html; path = authorinfo.html; sourceTree = "<group>"; };
		A5FA37D419FA667900249D51 /* TPShowCollectionCell.h */ = {isa = PBXFileReference; fileEncoding = 4; lastKnownFileType = sourcecode.c.h; path = TPShowCollectionCell.h; sourceTree = "<group>"; };
		A5FA37D519FA667900249D51 /* TPShowCollectionCell.m */ = {isa = PBXFileReference; fileEncoding = 4; lastKnownFileType = sourcecode.c.objc; path = TPShowCollectionCell.m; sourceTree = "<group>"; };
		A5FA37D719FA8C4000249D51 /* TPShowPlaybackButton.h */ = {isa = PBXFileReference; fileEncoding = 4; lastKnownFileType = sourcecode.c.h; path = TPShowPlaybackButton.h; sourceTree = "<group>"; };
		A5FA37D819FA8C4000249D51 /* TPShowPlaybackButton.m */ = {isa = PBXFileReference; fileEncoding = 4; lastKnownFileType = sourcecode.c.objc; path = TPShowPlaybackButton.m; sourceTree = "<group>"; };
		A5FA37DB19FA9F8900249D51 /* TPTapeSeekViewController.h */ = {isa = PBXFileReference; fileEncoding = 4; lastKnownFileType = sourcecode.c.h; path = TPTapeSeekViewController.h; sourceTree = "<group>"; };
		A5FA37DC19FA9F8900249D51 /* TPTapeSeekViewController.m */ = {isa = PBXFileReference; fileEncoding = 4; lastKnownFileType = sourcecode.c.objc; path = TPTapeSeekViewController.m; sourceTree = "<group>"; };
		A5FA37DE19FAA09000249D51 /* TPCollectionView.h */ = {isa = PBXFileReference; fileEncoding = 4; lastKnownFileType = sourcecode.c.h; path = TPCollectionView.h; sourceTree = "<group>"; };
		A5FA37DF19FAA09000249D51 /* TPCollectionView.m */ = {isa = PBXFileReference; fileEncoding = 4; lastKnownFileType = sourcecode.c.objc; path = TPCollectionView.m; sourceTree = "<group>"; };
		A5FA37E319FAF4F300249D51 /* TPBackButtonHandler.h */ = {isa = PBXFileReference; fileEncoding = 4; lastKnownFileType = sourcecode.c.h; path = TPBackButtonHandler.h; sourceTree = "<group>"; };
		A5FA37E419FAF4F300249D51 /* TPBackButtonHandler.m */ = {isa = PBXFileReference; fileEncoding = 4; lastKnownFileType = sourcecode.c.objc; path = TPBackButtonHandler.m; sourceTree = "<group>"; };
		A5FEBFB61858AF390084B4C5 /* TilosPlayer.app */ = {isa = PBXFileReference; explicitFileType = wrapper.application; includeInIndex = 0; path = TilosPlayer.app; sourceTree = BUILT_PRODUCTS_DIR; };
		A5FEBFB91858AF390084B4C5 /* Foundation.framework */ = {isa = PBXFileReference; lastKnownFileType = wrapper.framework; name = Foundation.framework; path = System/Library/Frameworks/Foundation.framework; sourceTree = SDKROOT; };
		A5FEBFBB1858AF390084B4C5 /* CoreGraphics.framework */ = {isa = PBXFileReference; lastKnownFileType = wrapper.framework; name = CoreGraphics.framework; path = System/Library/Frameworks/CoreGraphics.framework; sourceTree = SDKROOT; };
		A5FEBFBD1858AF390084B4C5 /* UIKit.framework */ = {isa = PBXFileReference; lastKnownFileType = wrapper.framework; name = UIKit.framework; path = System/Library/Frameworks/UIKit.framework; sourceTree = SDKROOT; };
		A5FEBFC11858AF390084B4C5 /* TilosPlayer-Info.plist */ = {isa = PBXFileReference; lastKnownFileType = text.plist.xml; path = "TilosPlayer-Info.plist"; sourceTree = "<group>"; };
		A5FEBFC51858AF390084B4C5 /* main.m */ = {isa = PBXFileReference; lastKnownFileType = sourcecode.c.objc; path = main.m; sourceTree = "<group>"; };
		A5FEBFC71858AF390084B4C5 /* TilosPlayer-Prefix.pch */ = {isa = PBXFileReference; lastKnownFileType = sourcecode.c.h; path = "TilosPlayer-Prefix.pch"; sourceTree = "<group>"; };
		A5FEBFCC1858AF390084B4C5 /* Base */ = {isa = PBXFileReference; lastKnownFileType = file.storyboard; name = Base; path = Base.lproj/Main_iPhone.storyboard; sourceTree = "<group>"; };
		A5FEBFD71858AF390084B4C5 /* Images.xcassets */ = {isa = PBXFileReference; lastKnownFileType = folder.assetcatalog; path = Images.xcassets; sourceTree = "<group>"; };
		A5FEBFDE1858AF390084B4C5 /* XCTest.framework */ = {isa = PBXFileReference; lastKnownFileType = wrapper.framework; name = XCTest.framework; path = Library/Frameworks/XCTest.framework; sourceTree = DEVELOPER_DIR; };
		A5FEBFF51858B2940084B4C5 /* TPAuthorListViewController.h */ = {isa = PBXFileReference; fileEncoding = 4; lastKnownFileType = sourcecode.c.h; path = TPAuthorListViewController.h; sourceTree = "<group>"; };
		A5FEBFF61858B2940084B4C5 /* TPAuthorListViewController.m */ = {isa = PBXFileReference; fileEncoding = 4; lastKnownFileType = sourcecode.c.objc; path = TPAuthorListViewController.m; sourceTree = "<group>"; };
		A5FEBFF71858B2940084B4C5 /* TPShowListViewController.h */ = {isa = PBXFileReference; fileEncoding = 4; lastKnownFileType = sourcecode.c.h; path = TPShowListViewController.h; sourceTree = "<group>"; };
		A5FEBFF81858B2940084B4C5 /* TPShowListViewController.m */ = {isa = PBXFileReference; fileEncoding = 4; lastKnownFileType = sourcecode.c.objc; path = TPShowListViewController.m; sourceTree = "<group>"; };
		A5FEBFFE1858B2AB0084B4C5 /* TPAppDelegate.h */ = {isa = PBXFileReference; fileEncoding = 4; lastKnownFileType = sourcecode.c.h; path = TPAppDelegate.h; sourceTree = "<group>"; };
		A5FEBFFF1858B2AB0084B4C5 /* TPAppDelegate.m */ = {isa = PBXFileReference; fileEncoding = 4; lastKnownFileType = sourcecode.c.objc; path = TPAppDelegate.m; sourceTree = "<group>"; };
		A5FEC0011858B2C40084B4C5 /* TPListModel.h */ = {isa = PBXFileReference; fileEncoding = 4; lastKnownFileType = sourcecode.c.h; path = TPListModel.h; sourceTree = "<group>"; };
		A5FEC0021858B2C40084B4C5 /* TPListModel.m */ = {isa = PBXFileReference; fileEncoding = 4; lastKnownFileType = sourcecode.c.objc; path = TPListModel.m; sourceTree = "<group>"; };
		A5FEC0041858B4540084B4C5 /* TPTableViewController.h */ = {isa = PBXFileReference; fileEncoding = 4; lastKnownFileType = sourcecode.c.h; path = TPTableViewController.h; sourceTree = "<group>"; };
		A5FEC0051858B4540084B4C5 /* TPTableViewController.m */ = {isa = PBXFileReference; fileEncoding = 4; lastKnownFileType = sourcecode.c.objc; path = TPTableViewController.m; sourceTree = "<group>"; };
		A5FEC0071858B6350084B4C5 /* TPAuthorListModel.h */ = {isa = PBXFileReference; fileEncoding = 4; lastKnownFileType = sourcecode.c.h; path = TPAuthorListModel.h; sourceTree = "<group>"; };
		A5FEC0081858B6350084B4C5 /* TPAuthorListModel.m */ = {isa = PBXFileReference; fileEncoding = 4; lastKnownFileType = sourcecode.c.objc; path = TPAuthorListModel.m; sourceTree = "<group>"; };
		A5FEC00E1858BA340084B4C5 /* NSDictionary+TPAdditions.h */ = {isa = PBXFileReference; fileEncoding = 4; lastKnownFileType = sourcecode.c.h; path = "NSDictionary+TPAdditions.h"; sourceTree = "<group>"; };
		A5FEC00F1858BA340084B4C5 /* NSDictionary+TPAdditions.m */ = {isa = PBXFileReference; fileEncoding = 4; lastKnownFileType = sourcecode.c.objc; path = "NSDictionary+TPAdditions.m"; sourceTree = "<group>"; };
		A5FEC0111858BE170084B4C5 /* TPAuthorListCell.h */ = {isa = PBXFileReference; fileEncoding = 4; lastKnownFileType = sourcecode.c.h; path = TPAuthorListCell.h; sourceTree = "<group>"; };
		A5FEC0121858BE170084B4C5 /* TPAuthorListCell.m */ = {isa = PBXFileReference; fileEncoding = 4; lastKnownFileType = sourcecode.c.objc; path = TPAuthorListCell.m; sourceTree = "<group>"; };
		A5FEC0141858BEEB0084B4C5 /* TPShowListModel.h */ = {isa = PBXFileReference; fileEncoding = 4; lastKnownFileType = sourcecode.c.h; path = TPShowListModel.h; sourceTree = "<group>"; };
		A5FEC0151858BEEB0084B4C5 /* TPShowListModel.m */ = {isa = PBXFileReference; fileEncoding = 4; lastKnownFileType = sourcecode.c.objc; path = TPShowListModel.m; sourceTree = "<group>"; };
		A5FEC01A1858C1440084B4C5 /* TPAuthorInfoViewController.h */ = {isa = PBXFileReference; fileEncoding = 4; lastKnownFileType = sourcecode.c.h; path = TPAuthorInfoViewController.h; sourceTree = "<group>"; };
		A5FEC01B1858C1440084B4C5 /* TPAuthorInfoViewController.m */ = {isa = PBXFileReference; fileEncoding = 4; lastKnownFileType = sourcecode.c.objc; path = TPAuthorInfoViewController.m; sourceTree = "<group>"; };
		A5FEC01D1858C1520084B4C5 /* TPShowInfoViewController.h */ = {isa = PBXFileReference; fileEncoding = 4; lastKnownFileType = sourcecode.c.h; path = TPShowInfoViewController.h; sourceTree = "<group>"; };
		A5FEC01E1858C1520084B4C5 /* TPShowInfoViewController.m */ = {isa = PBXFileReference; fileEncoding = 4; lastKnownFileType = sourcecode.c.objc; path = TPShowInfoViewController.m; sourceTree = "<group>"; };
		A5FEC0221858C3A30084B4C5 /* TPEpisodeListViewController.h */ = {isa = PBXFileReference; fileEncoding = 4; lastKnownFileType = sourcecode.c.h; path = TPEpisodeListViewController.h; sourceTree = "<group>"; };
		A5FEC0231858C3A30084B4C5 /* TPEpisodeListViewController.m */ = {isa = PBXFileReference; fileEncoding = 4; lastKnownFileType = sourcecode.c.objc; path = TPEpisodeListViewController.m; sourceTree = "<group>"; };
		A5FEC0251858C3BC0084B4C5 /* TPEpisodeListModel.h */ = {isa = PBXFileReference; fileEncoding = 4; lastKnownFileType = sourcecode.c.h; path = TPEpisodeListModel.h; sourceTree = "<group>"; };
		A5FEC0261858C3BC0084B4C5 /* TPEpisodeListModel.m */ = {isa = PBXFileReference; fileEncoding = 4; lastKnownFileType = sourcecode.c.objc; path = TPEpisodeListModel.m; sourceTree = "<group>"; };
		A5FEC0281858C9F20084B4C5 /* TPEpisodeListCell.h */ = {isa = PBXFileReference; fileEncoding = 4; lastKnownFileType = sourcecode.c.h; path = TPEpisodeListCell.h; sourceTree = "<group>"; };
		A5FEC0291858C9F20084B4C5 /* TPEpisodeListCell.m */ = {isa = PBXFileReference; fileEncoding = 4; lastKnownFileType = sourcecode.c.objc; path = TPEpisodeListCell.m; sourceTree = "<group>"; };
		A5FEC02B1858DDC60084B4C5 /* TPPlayerViewController.h */ = {isa = PBXFileReference; fileEncoding = 4; lastKnownFileType = sourcecode.c.h; path = TPPlayerViewController.h; sourceTree = "<group>"; };
		A5FEC02C1858DDC60084B4C5 /* TPPlayerViewController.m */ = {isa = PBXFileReference; fileEncoding = 4; lastKnownFileType = sourcecode.c.objc; path = TPPlayerViewController.m; sourceTree = "<group>"; };
		A5FEC02E185901CA0084B4C5 /* NSArray+TPIndexedSorting.h */ = {isa = PBXFileReference; fileEncoding = 4; lastKnownFileType = sourcecode.c.h; path = "NSArray+TPIndexedSorting.h"; sourceTree = "<group>"; };
		A5FEC02F185901CA0084B4C5 /* NSArray+TPIndexedSorting.m */ = {isa = PBXFileReference; fileEncoding = 4; lastKnownFileType = sourcecode.c.objc; path = "NSArray+TPIndexedSorting.m"; sourceTree = "<group>"; };
		EA4716A6185CF2BA00466D87 /* TPAuthorInfoModel.h */ = {isa = PBXFileReference; fileEncoding = 4; lastKnownFileType = sourcecode.c.h; path = TPAuthorInfoModel.h; sourceTree = "<group>"; };
		EA4716A7185CF2BA00466D87 /* TPAuthorInfoModel.m */ = {isa = PBXFileReference; fileEncoding = 4; lastKnownFileType = sourcecode.c.objc; path = TPAuthorInfoModel.m; sourceTree = "<group>"; };
/* End PBXFileReference section */

/* Begin PBXFrameworksBuildPhase section */
		A5FEBFB31858AF390084B4C5 /* Frameworks */ = {
			isa = PBXFrameworksBuildPhase;
			buildActionMask = 2147483647;
			files = (
				A5F44AB819F8133E00A731CB /* MediaPlayer.framework in Frameworks */,
				A5DD101F185A847C009D1A1A /* SystemConfiguration.framework in Frameworks */,
				A5DD101D185A8464009D1A1A /* MobileCoreServices.framework in Frameworks */,
				A5DD100D185A5963009D1A1A /* CoreText.framework in Frameworks */,
				A5FEBFBC1858AF390084B4C5 /* CoreGraphics.framework in Frameworks */,
				A5FEBFBE1858AF390084B4C5 /* UIKit.framework in Frameworks */,
				A5FEBFBA1858AF390084B4C5 /* Foundation.framework in Frameworks */,
				3EEC304AD91C45138A3AF475 /* libPods.a in Frameworks */,
			);
			runOnlyForDeploymentPostprocessing = 0;
		};
/* End PBXFrameworksBuildPhase section */

/* Begin PBXGroup section */
		23EC0BE8EB1E706AB6F451B8 /* Pods */ = {
			isa = PBXGroup;
			children = (
				5FD0CAB373EE2D6C4C83326A /* Pods.debug.xcconfig */,
				7AAE1A503F103E2FE028384E /* Pods.release.xcconfig */,
			);
			name = Pods;
			sourceTree = "<group>";
		};
		A54B4CB419F94027001B7004 /* SDWebImage */ = {
			isa = PBXGroup;
			children = (
				A54B4CB519F94027001B7004 /* MKAnnotationView+WebCache.h */,
				A54B4CB619F94027001B7004 /* MKAnnotationView+WebCache.m */,
				A54B4CB719F94027001B7004 /* NSData+ImageContentType.h */,
				A54B4CB819F94027001B7004 /* NSData+ImageContentType.m */,
				A54B4CB919F94027001B7004 /* SDImageCache.h */,
				A54B4CBA19F94027001B7004 /* SDImageCache.m */,
				A54B4CBB19F94027001B7004 /* SDWebImageCompat.h */,
				A54B4CBC19F94027001B7004 /* SDWebImageCompat.m */,
				A54B4CBD19F94027001B7004 /* SDWebImageDecoder.h */,
				A54B4CBE19F94027001B7004 /* SDWebImageDecoder.m */,
				A54B4CBF19F94027001B7004 /* SDWebImageDownloader.h */,
				A54B4CC019F94027001B7004 /* SDWebImageDownloader.m */,
				A54B4CC119F94027001B7004 /* SDWebImageDownloaderOperation.h */,
				A54B4CC219F94027001B7004 /* SDWebImageDownloaderOperation.m */,
				A54B4CC319F94027001B7004 /* SDWebImageManager.h */,
				A54B4CC419F94027001B7004 /* SDWebImageManager.m */,
				A54B4CC519F94027001B7004 /* SDWebImageOperation.h */,
				A54B4CC619F94027001B7004 /* SDWebImagePrefetcher.h */,
				A54B4CC719F94027001B7004 /* SDWebImagePrefetcher.m */,
				A54B4CC819F94027001B7004 /* UIButton+WebCache.h */,
				A54B4CC919F94027001B7004 /* UIButton+WebCache.m */,
				A54B4CCA19F94027001B7004 /* UIImage+GIF.h */,
				A54B4CCB19F94027001B7004 /* UIImage+GIF.m */,
				A54B4CCC19F94027001B7004 /* UIImage+MultiFormat.h */,
				A54B4CCD19F94027001B7004 /* UIImage+MultiFormat.m */,
				A54B4CCE19F94027001B7004 /* UIImage+WebP.h */,
				A54B4CCF19F94027001B7004 /* UIImage+WebP.m */,
				A54B4CD019F94027001B7004 /* UIImageView+HighlightedWebCache.h */,
				A54B4CD119F94027001B7004 /* UIImageView+HighlightedWebCache.m */,
				A54B4CD219F94027001B7004 /* UIImageView+WebCache.h */,
				A54B4CD319F94027001B7004 /* UIImageView+WebCache.m */,
				A54B4CD419F94027001B7004 /* UIView+WebCacheOperation.h */,
				A54B4CD519F94027001B7004 /* UIView+WebCacheOperation.m */,
			);
			name = SDWebImage;
			path = "../SDWebImage-master/SDWebImage";
			sourceTree = "<group>";
		};
		A5DD101B185A7F81009D1A1A /* OverlayViewController */ = {
			isa = PBXGroup;
			children = (
				A5DD0FFC185A100F009D1A1A /* TPOverlayViewController.h */,
				A5DD0FFD185A100F009D1A1A /* TPOverlayViewController.m */,
			);
			name = OverlayViewController;
			sourceTree = "<group>";
		};
		A5FA37B319F9921500249D51 /* en.lproj */ = {
			isa = PBXGroup;
			children = (
				A5FA37B419F9921500249D51 /* InfoPlist.strings */,
				A5FA37B619F9921500249D51 /* Localizable.strings */,
			);
			path = en.lproj;
			sourceTree = "<group>";
		};
		A5FA37B819F9921500249D51 /* hu.lproj */ = {
			isa = PBXGroup;
			children = (
				A5FA37B919F9921500249D51 /* Localizable.strings */,
			);
			path = hu.lproj;
			sourceTree = "<group>";
		};
		A5FA37BE19F9BCDC00249D51 /* Resources */ = {
			isa = PBXGroup;
			children = (
				A5FA37C319F9BE9000249D51 /* showinfo.html */,
				A5FA37D019FA63AD00249D51 /* authorinfo.html */,
			);
			path = Resources;
			sourceTree = "<group>";
		};
		A5FA37DA19FA9F7200249D51 /* TapeSeekViewController */ = {
			isa = PBXGroup;
			children = (
				A5FA37DB19FA9F8900249D51 /* TPTapeSeekViewController.h */,
				A5FA37DC19FA9F8900249D51 /* TPTapeSeekViewController.m */,
			);
			name = TapeSeekViewController;
			sourceTree = "<group>";
		};
		A5FA37E119FAD8E900249D51 /* VOs */ = {
			isa = PBXGroup;
			children = (
				A518618818CA4DC7009D807A /* TPData.h */,
				A518618918CA4DC7009D807A /* TPData.m */,
				A518618B18CA4F33009D807A /* TPAuthorData.h */,
				A518618C18CA4F33009D807A /* TPAuthorData.m */,
				A518618218CA4CD6009D807A /* TPEpisodeData.h */,
				A518618318CA4CD6009D807A /* TPEpisodeData.m */,
				A518618518CA4D19009D807A /* TPShowData.h */,
				A518618618CA4D19009D807A /* TPShowData.m */,
				A518618E18CA4FD7009D807A /* TPContributorData.h */,
				A518618F18CA4FD7009D807A /* TPContributorData.m */,
				A518619118CA57A7009D807A /* TPContributionData.h */,
				A518619218CA57A7009D807A /* TPContributionData.m */,
			);
			name = VOs;
			sourceTree = "<group>";
		};
		A5FA37E219FAD90300249D51 /* CollectionViewController */ = {
			isa = PBXGroup;
			children = (
				A5FA37C719FA572900249D51 /* TPCollectionViewController.h */,
				A5FA37C819FA572900249D51 /* TPCollectionViewController.m */,
			);
			name = CollectionViewController;
			sourceTree = "<group>";
		};
		A5FEBFAD1858AF390084B4C5 = {
			isa = PBXGroup;
			children = (
				A54B4CB419F94027001B7004 /* SDWebImage */,
				A5FEBFBF1858AF390084B4C5 /* TilosPlayer */,
				A5FEBFB81858AF390084B4C5 /* Frameworks */,
				A5FEBFB71858AF390084B4C5 /* Products */,
				23EC0BE8EB1E706AB6F451B8 /* Pods */,
			);
			sourceTree = "<group>";
		};
		A5FEBFB71858AF390084B4C5 /* Products */ = {
			isa = PBXGroup;
			children = (
				A5FEBFB61858AF390084B4C5 /* TilosPlayer.app */,
			);
			name = Products;
			sourceTree = "<group>";
		};
		A5FEBFB81858AF390084B4C5 /* Frameworks */ = {
			isa = PBXGroup;
			children = (
				A5F44AB719F8133E00A731CB /* MediaPlayer.framework */,
				A5DD101E185A847C009D1A1A /* SystemConfiguration.framework */,
				A5DD101C185A8464009D1A1A /* MobileCoreServices.framework */,
				A5DD100C185A5963009D1A1A /* CoreText.framework */,
				A5FEBFB91858AF390084B4C5 /* Foundation.framework */,
				A5FEBFBB1858AF390084B4C5 /* CoreGraphics.framework */,
				A5FEBFBD1858AF390084B4C5 /* UIKit.framework */,
				A5FEBFDE1858AF390084B4C5 /* XCTest.framework */,
				3ED5DDE7360B4497AE32A859 /* libPods.a */,
			);
			name = Frameworks;
			sourceTree = "<group>";
		};
		A5FEBFBF1858AF390084B4C5 /* TilosPlayer */ = {
			isa = PBXGroup;
			children = (
				A5FA37BE19F9BCDC00249D51 /* Resources */,
				A5FEBFFD1858B2AB0084B4C5 /* Application */,
				A5FEBFF41858B2940084B4C5 /* Controller */,
				A5FEBFF91858B2940084B4C5 /* Model */,
				A5FEBFFA1858B2940084B4C5 /* View */,
				A5FEC00A1858BA0B0084B4C5 /* Utils */,
				A5FEBFCB1858AF390084B4C5 /* Main_iPhone.storyboard */,
				A5FEBFD71858AF390084B4C5 /* Images.xcassets */,
				A5FEBFC01858AF390084B4C5 /* Supporting Files */,
			);
			path = TilosPlayer;
			sourceTree = "<group>";
		};
		A5FEBFC01858AF390084B4C5 /* Supporting Files */ = {
			isa = PBXGroup;
			children = (
				A5FA37B319F9921500249D51 /* en.lproj */,
				A5FA37B819F9921500249D51 /* hu.lproj */,
				A5FEBFC11858AF390084B4C5 /* TilosPlayer-Info.plist */,
				A5FEBFC51858AF390084B4C5 /* main.m */,
				A5FEBFC71858AF390084B4C5 /* TilosPlayer-Prefix.pch */,
			);
			name = "Supporting Files";
			sourceTree = "<group>";
		};
		A5FEBFF41858B2940084B4C5 /* Controller */ = {
			isa = PBXGroup;
			children = (
				A5FEC0191858C12E0084B4C5 /* TableViewController */,
				A5FA37E219FAD90300249D51 /* CollectionViewController */,
				A5DD101B185A7F81009D1A1A /* OverlayViewController */,
				A5FEC032185909E50084B4C5 /* PlayerViewController */,
				A5FA37DA19FA9F7200249D51 /* TapeSeekViewController */,
				A5FEC0211858C3870084B4C5 /* ShowInfoViewController */,
				A5FEC0201858C37A0084B4C5 /* AuthorInfoViewController */,
				A5FEC0181858C1260084B4C5 /* ShowListViewController */,
				A5FEC0171858C11C0084B4C5 /* AuthorListViewController */,
				A5FEC031185909CE0084B4C5 /* EpisodeListViewController */,
			);
			path = Controller;
			sourceTree = "<group>";
		};
		A5FEBFF91858B2940084B4C5 /* Model */ = {
			isa = PBXGroup;
			children = (
				A5FA37E119FAD8E900249D51 /* VOs */,
				A5DD1011185A75A8009D1A1A /* TPModel.h */,
				A5DD1012185A75A8009D1A1A /* TPModel.m */,
				A5FEC0011858B2C40084B4C5 /* TPListModel.h */,
				A5FEC0021858B2C40084B4C5 /* TPListModel.m */,
				A5FEC0071858B6350084B4C5 /* TPAuthorListModel.h */,
				A5FEC0081858B6350084B4C5 /* TPAuthorListModel.m */,
				A5FEC0141858BEEB0084B4C5 /* TPShowListModel.h */,
				A5FEC0151858BEEB0084B4C5 /* TPShowListModel.m */,
				A5FEC0251858C3BC0084B4C5 /* TPEpisodeListModel.h */,
				A5FEC0261858C3BC0084B4C5 /* TPEpisodeListModel.m */,
				A5DD1014185A7634009D1A1A /* TPShowInfoModel.h */,
				A5DD1015185A7634009D1A1A /* TPShowInfoModel.m */,
				EA4716A6185CF2BA00466D87 /* TPAuthorInfoModel.h */,
				EA4716A7185CF2BA00466D87 /* TPAuthorInfoModel.m */,
				A5A811F718B3910F0087DF31 /* TPContinuousProgramModel.h */,
				A5A811F818B3910F0087DF31 /* TPContinuousProgramModel.m */,
			);
			path = Model;
			sourceTree = "<group>";
		};
		A5FEBFFA1858B2940084B4C5 /* View */ = {
			isa = PBXGroup;
			children = (
				A5FEC0111858BE170084B4C5 /* TPAuthorListCell.h */,
				A5FEC0121858BE170084B4C5 /* TPAuthorListCell.m */,
				A5FEC0281858C9F20084B4C5 /* TPEpisodeListCell.h */,
				A5FEC0291858C9F20084B4C5 /* TPEpisodeListCell.m */,
				A5E2479218590C1A006391AF /* TPEpisodeCollectionCell.h */,
				A5E2479318590C1A006391AF /* TPEpisodeCollectionCell.m */,
				A5628CB7185917F4007CA45C /* TPTapeCollectionCell.h */,
				A5628CB8185917F4007CA45C /* TPTapeCollectionCell.m */,
				A5DD1017185A7F4B009D1A1A /* TPShowInfoHeaderView.h */,
				A5DD1018185A7F4B009D1A1A /* TPShowInfoHeaderView.m */,
				A5F44AB919F82F9900A731CB /* TPAuthorInfoHeaderView.h */,
				A5F44ABA19F82F9900A731CB /* TPAuthorInfoHeaderView.m */,
				A5DD1020185A8F0E009D1A1A /* TPFlipLabelView.h */,
				A5DD1021185A8F0E009D1A1A /* TPFlipLabelView.m */,
				A5DD1026185A9D83009D1A1A /* TPTabBar.h */,
				A5DD1027185A9D83009D1A1A /* TPTabBar.m */,
				A5DD102C185AEE16009D1A1A /* TPShowListCell.h */,
				A5DD102D185AEE16009D1A1A /* TPShowListCell.m */,
				A51B1FDC185CA5E1009FA46D /* TPShowEpisodeCell.h */,
				A51B1FDD185CA5E1009FA46D /* TPShowEpisodeCell.m */,
				A51B1FDF185CAE80009FA46D /* TPTimestampView.h */,
				A51B1FE0185CAE80009FA46D /* TPTimestampView.m */,
				A560DEEF19F27EE60038A48E /* TPPlayButton.h */,
				A560DEF019F27EE60038A48E /* TPPlayButton.m */,
				A54B4CB119F936C7001B7004 /* TPTitleView.h */,
				A54B4CB219F936C7001B7004 /* TPTitleView.m */,
				A5FA37CD19FA597700249D51 /* TPSmallEpisodeCell.h */,
				A5FA37CE19FA597700249D51 /* TPSmallEpisodeCell.m */,
				A5FA37D419FA667900249D51 /* TPShowCollectionCell.h */,
				A5FA37D519FA667900249D51 /* TPShowCollectionCell.m */,
				A5FA37D719FA8C4000249D51 /* TPShowPlaybackButton.h */,
				A5FA37D819FA8C4000249D51 /* TPShowPlaybackButton.m */,
			);
			path = View;
			sourceTree = "<group>";
		};
		A5FEBFFD1858B2AB0084B4C5 /* Application */ = {
			isa = PBXGroup;
			children = (
				A5FEBFFE1858B2AB0084B4C5 /* TPAppDelegate.h */,
				A5FEBFFF1858B2AB0084B4C5 /* TPAppDelegate.m */,
			);
			path = Application;
			sourceTree = "<group>";
		};
		A5FEC00A1858BA0B0084B4C5 /* Utils */ = {
			isa = PBXGroup;
			children = (
				A51B1FD9185BA678009FA46D /* TPPlayerManager.h */,
				A51B1FDA185BA678009FA46D /* TPPlayerManager.m */,
				A5DD1029185AC26C009D1A1A /* UIImage+ImageEffects.h */,
				A5DD102A185AC26C009D1A1A /* UIImage+ImageEffects.m */,
				A5DD1009185A53CC009D1A1A /* UIColor+Additions.h */,
				A5DD100A185A53CC009D1A1A /* UIColor+Additions.m */,
				A5DD1005185A1C71009D1A1A /* SynthesizeSingleton.h */,
				A5FEC00E1858BA340084B4C5 /* NSDictionary+TPAdditions.h */,
				A5FEC00F1858BA340084B4C5 /* NSDictionary+TPAdditions.m */,
				A5FEC02E185901CA0084B4C5 /* NSArray+TPIndexedSorting.h */,
				A5FEC02F185901CA0084B4C5 /* NSArray+TPIndexedSorting.m */,
				A5DD0FF91859FE42009D1A1A /* TPTapeCollectionLayout.h */,
				A5DD0FFA1859FE42009D1A1A /* TPTapeCollectionLayout.m */,
				A5DD1002185A1C02009D1A1A /* TPAudioPlayer.h */,
				A5DD1003185A1C02009D1A1A /* TPAudioPlayer.m */,
				A5DD1023185A9725009D1A1A /* NSDate+TPAdditions.h */,
				A5DD1024185A9725009D1A1A /* NSDate+TPAdditions.m */,
				A5FA37CA19FA589400249D51 /* TPCollectionCellFactory.h */,
				A5FA37DE19FAA09000249D51 /* TPCollectionView.h */,
				A5FA37DF19FAA09000249D51 /* TPCollectionView.m */,
				A5FA37E319FAF4F300249D51 /* TPBackButtonHandler.h */,
				A5FA37E419FAF4F300249D51 /* TPBackButtonHandler.m */,
			);
			path = Utils;
			sourceTree = "<group>";
		};
		A5FEC0171858C11C0084B4C5 /* AuthorListViewController */ = {
			isa = PBXGroup;
			children = (
				A5FEBFF51858B2940084B4C5 /* TPAuthorListViewController.h */,
				A5FEBFF61858B2940084B4C5 /* TPAuthorListViewController.m */,
			);
			name = AuthorListViewController;
			sourceTree = "<group>";
		};
		A5FEC0181858C1260084B4C5 /* ShowListViewController */ = {
			isa = PBXGroup;
			children = (
				A5FEBFF71858B2940084B4C5 /* TPShowListViewController.h */,
				A5FEBFF81858B2940084B4C5 /* TPShowListViewController.m */,
			);
			name = ShowListViewController;
			sourceTree = "<group>";
		};
		A5FEC0191858C12E0084B4C5 /* TableViewController */ = {
			isa = PBXGroup;
			children = (
				A5FEC0041858B4540084B4C5 /* TPTableViewController.h */,
				A5FEC0051858B4540084B4C5 /* TPTableViewController.m */,
			);
			name = TableViewController;
			sourceTree = "<group>";
		};
		A5FEC0201858C37A0084B4C5 /* AuthorInfoViewController */ = {
			isa = PBXGroup;
			children = (
				A5FEC01A1858C1440084B4C5 /* TPAuthorInfoViewController.h */,
				A5FEC01B1858C1440084B4C5 /* TPAuthorInfoViewController.m */,
			);
			name = AuthorInfoViewController;
			sourceTree = "<group>";
		};
		A5FEC0211858C3870084B4C5 /* ShowInfoViewController */ = {
			isa = PBXGroup;
			children = (
				A5FEC01D1858C1520084B4C5 /* TPShowInfoViewController.h */,
				A5FEC01E1858C1520084B4C5 /* TPShowInfoViewController.m */,
			);
			name = ShowInfoViewController;
			sourceTree = "<group>";
		};
		A5FEC031185909CE0084B4C5 /* EpisodeListViewController */ = {
			isa = PBXGroup;
			children = (
				A5FEC0221858C3A30084B4C5 /* TPEpisodeListViewController.h */,
				A5FEC0231858C3A30084B4C5 /* TPEpisodeListViewController.m */,
			);
			name = EpisodeListViewController;
			sourceTree = "<group>";
		};
		A5FEC032185909E50084B4C5 /* PlayerViewController */ = {
			isa = PBXGroup;
			children = (
				A5FEC02B1858DDC60084B4C5 /* TPPlayerViewController.h */,
				A5FEC02C1858DDC60084B4C5 /* TPPlayerViewController.m */,
			);
			name = PlayerViewController;
			sourceTree = "<group>";
		};
/* End PBXGroup section */

/* Begin PBXNativeTarget section */
		A5FEBFB51858AF390084B4C5 /* TilosPlayer */ = {
			isa = PBXNativeTarget;
			buildConfigurationList = A5FEBFEE1858AF390084B4C5 /* Build configuration list for PBXNativeTarget "TilosPlayer" */;
			buildPhases = (
				0A7D4A28FF954FF6AF3EDD5A /* Check Pods Manifest.lock */,
				A5FEBFB21858AF390084B4C5 /* Sources */,
				A5FEBFB31858AF390084B4C5 /* Frameworks */,
				A5FEBFB41858AF390084B4C5 /* Resources */,
				833ABA1D310145C0AE290700 /* Copy Pods Resources */,
			);
			buildRules = (
			);
			dependencies = (
			);
			name = TilosPlayer;
			productName = TilosPlayer;
			productReference = A5FEBFB61858AF390084B4C5 /* TilosPlayer.app */;
			productType = "com.apple.product-type.application";
		};
/* End PBXNativeTarget section */

/* Begin PBXProject section */
		A5FEBFAE1858AF390084B4C5 /* Project object */ = {
			isa = PBXProject;
			attributes = {
				CLASSPREFIX = TP;
				LastUpgradeCheck = 0600;
				ORGANIZATIONNAME = rumori;
			};
			buildConfigurationList = A5FEBFB11858AF390084B4C5 /* Build configuration list for PBXProject "TilosPlayer" */;
			compatibilityVersion = "Xcode 3.2";
			developmentRegion = English;
			hasScannedForEncodings = 0;
			knownRegions = (
				en,
				Base,
				hu,
			);
			mainGroup = A5FEBFAD1858AF390084B4C5;
			productRefGroup = A5FEBFB71858AF390084B4C5 /* Products */;
			projectDirPath = "";
			projectRoot = "";
			targets = (
				A5FEBFB51858AF390084B4C5 /* TilosPlayer */,
			);
		};
/* End PBXProject section */

/* Begin PBXResourcesBuildPhase section */
		A5FEBFB41858AF390084B4C5 /* Resources */ = {
			isa = PBXResourcesBuildPhase;
			buildActionMask = 2147483647;
			files = (
				A5FA37D219FA63AD00249D51 /* authorinfo.html in Resources */,
				A5FA37C519F9BE9000249D51 /* showinfo.html in Resources */,
				A5FA37BC19F9921500249D51 /* Localizable.strings in Resources */,
				A5FA37BD19F9921500249D51 /* Localizable.strings in Resources */,
				A5FEBFD81858AF390084B4C5 /* Images.xcassets in Resources */,
				A5FA37BB19F9921500249D51 /* InfoPlist.strings in Resources */,
				A5FEBFCD1858AF390084B4C5 /* Main_iPhone.storyboard in Resources */,
			);
			runOnlyForDeploymentPostprocessing = 0;
		};
/* End PBXResourcesBuildPhase section */

/* Begin PBXShellScriptBuildPhase section */
		0A7D4A28FF954FF6AF3EDD5A /* Check Pods Manifest.lock */ = {
			isa = PBXShellScriptBuildPhase;
			buildActionMask = 2147483647;
			files = (
			);
			inputPaths = (
			);
			name = "Check Pods Manifest.lock";
			outputPaths = (
			);
			runOnlyForDeploymentPostprocessing = 0;
			shellPath = /bin/sh;
			shellScript = "diff \"${PODS_ROOT}/../Podfile.lock\" \"${PODS_ROOT}/Manifest.lock\" > /dev/null\nif [[ $? != 0 ]] ; then\n    cat << EOM\nerror: The sandbox is not in sync with the Podfile.lock. Run 'pod install' or update your CocoaPods installation.\nEOM\n    exit 1\nfi\n";
			showEnvVarsInLog = 0;
		};
		833ABA1D310145C0AE290700 /* Copy Pods Resources */ = {
			isa = PBXShellScriptBuildPhase;
			buildActionMask = 2147483647;
			files = (
			);
			inputPaths = (
			);
			name = "Copy Pods Resources";
			outputPaths = (
			);
			runOnlyForDeploymentPostprocessing = 0;
			shellPath = /bin/sh;
			shellScript = "\"${SRCROOT}/Pods/Target Support Files/Pods/Pods-resources.sh\"\n";
			showEnvVarsInLog = 0;
		};
/* End PBXShellScriptBuildPhase section */

/* Begin PBXSourcesBuildPhase section */
		A5FEBFB21858AF390084B4C5 /* Sources */ = {
			isa = PBXSourcesBuildPhase;
			buildActionMask = 2147483647;
			files = (
				A518618D18CA4F33009D807A /* TPAuthorData.m in Sources */,
				A5DD102B185AC26C009D1A1A /* UIImage+ImageEffects.m in Sources */,
				A5FEC0161858BEEB0084B4C5 /* TPShowListModel.m in Sources */,
				A518618A18CA4DC7009D807A /* TPData.m in Sources */,
				A51B1FDE185CA5E1009FA46D /* TPShowEpisodeCell.m in Sources */,
				A5FEC01F1858C1520084B4C5 /* TPShowInfoViewController.m in Sources */,
				A54B4CE119F94027001B7004 /* UIImage+MultiFormat.m in Sources */,
				A5FA37E519FAF4F300249D51 /* TPBackButtonHandler.m in Sources */,
				A5628CB9185917F4007CA45C /* TPTapeCollectionCell.m in Sources */,
				A54B4CE219F94027001B7004 /* UIImage+WebP.m in Sources */,
				A54B4CDA19F94027001B7004 /* SDWebImageDecoder.m in Sources */,
				A54B4CD919F94027001B7004 /* SDWebImageCompat.m in Sources */,
				A5FEC01C1858C1440084B4C5 /* TPAuthorInfoViewController.m in Sources */,
				EA4716A8185CF2BA00466D87 /* TPAuthorInfoModel.m in Sources */,
				A5FA37D919FA8C4000249D51 /* TPShowPlaybackButton.m in Sources */,
				A54B4CB319F936C7001B7004 /* TPTitleView.m in Sources */,
				A54B4CD719F94027001B7004 /* NSData+ImageContentType.m in Sources */,
				A5DD1022185A8F0E009D1A1A /* TPFlipLabelView.m in Sources */,
				A5E2479418590C1A006391AF /* TPEpisodeCollectionCell.m in Sources */,
				A5DD100B185A53CC009D1A1A /* UIColor+Additions.m in Sources */,
				A54B4CE319F94027001B7004 /* UIImageView+HighlightedWebCache.m in Sources */,
				A5FEC02D1858DDC60084B4C5 /* TPPlayerViewController.m in Sources */,
				A5FEBFFC1858B2940084B4C5 /* TPShowListViewController.m in Sources */,
				A5FA37CF19FA597700249D51 /* TPSmallEpisodeCell.m in Sources */,
				A51B1FDB185BA678009FA46D /* TPPlayerManager.m in Sources */,
				A5FEC0031858B2C40084B4C5 /* TPListModel.m in Sources */,
				A54B4CDB19F94027001B7004 /* SDWebImageDownloader.m in Sources */,
				A54B4CDF19F94027001B7004 /* UIButton+WebCache.m in Sources */,
				A5FA37C919FA572900249D51 /* TPCollectionViewController.m in Sources */,
				A5DD1004185A1C02009D1A1A /* TPAudioPlayer.m in Sources */,
				A51B1FE1185CAE80009FA46D /* TPTimestampView.m in Sources */,
				A5FEC02A1858C9F20084B4C5 /* TPEpisodeListCell.m in Sources */,
				A5FEC0101858BA340084B4C5 /* NSDictionary+TPAdditions.m in Sources */,
				A5FEC0241858C3A30084B4C5 /* TPEpisodeListViewController.m in Sources */,
				A518619318CA57A7009D807A /* TPContributionData.m in Sources */,
				A5FEBFC61858AF390084B4C5 /* main.m in Sources */,
				A5FEC0091858B6350084B4C5 /* TPAuthorListModel.m in Sources */,
				A54B4CDC19F94027001B7004 /* SDWebImageDownloaderOperation.m in Sources */,
				A5F44ABB19F82F9900A731CB /* TPAuthorInfoHeaderView.m in Sources */,
				A5DD0FFE185A100F009D1A1A /* TPOverlayViewController.m in Sources */,
				A5FEC0001858B2AB0084B4C5 /* TPAppDelegate.m in Sources */,
				A5DD1028185A9D83009D1A1A /* TPTabBar.m in Sources */,
				A560DEF119F27EE60038A48E /* TPPlayButton.m in Sources */,
				A5DD1025185A9725009D1A1A /* NSDate+TPAdditions.m in Sources */,
				A518618418CA4CD6009D807A /* TPEpisodeData.m in Sources */,
				A5A811F918B3910F0087DF31 /* TPContinuousProgramModel.m in Sources */,
				A54B4CE519F94027001B7004 /* UIView+WebCacheOperation.m in Sources */,
				A54B4CD819F94027001B7004 /* SDImageCache.m in Sources */,
				A54B4CDD19F94027001B7004 /* SDWebImageManager.m in Sources */,
				A5FEC030185901CA0084B4C5 /* NSArray+TPIndexedSorting.m in Sources */,
				A54B4CDE19F94027001B7004 /* SDWebImagePrefetcher.m in Sources */,
				A518619018CA4FD7009D807A /* TPContributorData.m in Sources */,
				A518618718CA4D19009D807A /* TPShowData.m in Sources */,
				A5FEC0131858BE170084B4C5 /* TPAuthorListCell.m in Sources */,
				A5DD1016185A7634009D1A1A /* TPShowInfoModel.m in Sources */,
				A5DD102E185AEE16009D1A1A /* TPShowListCell.m in Sources */,
				A5DD1013185A75A8009D1A1A /* TPModel.m in Sources */,
				A54B4CE419F94027001B7004 /* UIImageView+WebCache.m in Sources */,
				A5FEBFFB1858B2940084B4C5 /* TPAuthorListViewController.m in Sources */,
				A54B4CD619F94027001B7004 /* MKAnnotationView+WebCache.m in Sources */,
				A5FA37E019FAA09000249D51 /* TPCollectionView.m in Sources */,
				A5FEC0061858B4540084B4C5 /* TPTableViewController.m in Sources */,
				A5FEC0271858C3BC0084B4C5 /* TPEpisodeListModel.m in Sources */,
				A54B4CE019F94027001B7004 /* UIImage+GIF.m in Sources */,
				A5FA37D619FA667900249D51 /* TPShowCollectionCell.m in Sources */,
				A5FA37DD19FA9F8900249D51 /* TPTapeSeekViewController.m in Sources */,
				A5DD1019185A7F4B009D1A1A /* TPShowInfoHeaderView.m in Sources */,
				A5DD0FFB1859FE42009D1A1A /* TPTapeCollectionLayout.m in Sources */,
			);
			runOnlyForDeploymentPostprocessing = 0;
		};
/* End PBXSourcesBuildPhase section */

/* Begin PBXVariantGroup section */
		A5FA37B419F9921500249D51 /* InfoPlist.strings */ = {
			isa = PBXVariantGroup;
			children = (
				A5FA37B519F9921500249D51 /* en */,
			);
			name = InfoPlist.strings;
			sourceTree = "<group>";
		};
		A5FA37B619F9921500249D51 /* Localizable.strings */ = {
			isa = PBXVariantGroup;
			children = (
				A5FA37B719F9921500249D51 /* en */,
			);
			name = Localizable.strings;
			sourceTree = "<group>";
		};
		A5FA37B919F9921500249D51 /* Localizable.strings */ = {
			isa = PBXVariantGroup;
			children = (
				A5FA37BA19F9921500249D51 /* hu */,
			);
			name = Localizable.strings;
			sourceTree = "<group>";
		};
		A5FEBFCB1858AF390084B4C5 /* Main_iPhone.storyboard */ = {
			isa = PBXVariantGroup;
			children = (
				A5FEBFCC1858AF390084B4C5 /* Base */,
			);
			name = Main_iPhone.storyboard;
			sourceTree = "<group>";
		};
/* End PBXVariantGroup section */

/* Begin XCBuildConfiguration section */
		A5FEBFEC1858AF390084B4C5 /* Debug */ = {
			isa = XCBuildConfiguration;
			buildSettings = {
				ALWAYS_SEARCH_USER_PATHS = NO;
				CLANG_CXX_LANGUAGE_STANDARD = "gnu++0x";
				CLANG_CXX_LIBRARY = "libc++";
				CLANG_ENABLE_MODULES = YES;
				CLANG_ENABLE_OBJC_ARC = YES;
				CLANG_WARN_BOOL_CONVERSION = YES;
				CLANG_WARN_CONSTANT_CONVERSION = YES;
				CLANG_WARN_DIRECT_OBJC_ISA_USAGE = YES_ERROR;
				CLANG_WARN_EMPTY_BODY = YES;
				CLANG_WARN_ENUM_CONVERSION = YES;
				CLANG_WARN_INT_CONVERSION = YES;
				CLANG_WARN_OBJC_ROOT_CLASS = YES_ERROR;
				CLANG_WARN__DUPLICATE_METHOD_MATCH = YES;
				"CODE_SIGN_IDENTITY[sdk=iphoneos*]" = "iPhone Developer";
				COPY_PHASE_STRIP = NO;
				GCC_C_LANGUAGE_STANDARD = gnu99;
				GCC_DYNAMIC_NO_PIC = NO;
				GCC_OPTIMIZATION_LEVEL = 0;
				GCC_PREPROCESSOR_DEFINITIONS = (
					"DEBUG=1",
					"$(inherited)",
				);
				GCC_SYMBOLS_PRIVATE_EXTERN = NO;
				GCC_WARN_64_TO_32_BIT_CONVERSION = YES;
				GCC_WARN_ABOUT_RETURN_TYPE = YES_ERROR;
				GCC_WARN_UNDECLARED_SELECTOR = YES;
				GCC_WARN_UNINITIALIZED_AUTOS = YES;
				GCC_WARN_UNUSED_FUNCTION = YES;
				GCC_WARN_UNUSED_VARIABLE = YES;
				IPHONEOS_DEPLOYMENT_TARGET = 7.0;
				ONLY_ACTIVE_ARCH = YES;
				SDKROOT = iphoneos;
				TARGETED_DEVICE_FAMILY = "1,2";
			};
			name = Debug;
		};
		A5FEBFED1858AF390084B4C5 /* Release */ = {
			isa = XCBuildConfiguration;
			buildSettings = {
				ALWAYS_SEARCH_USER_PATHS = NO;
				CLANG_CXX_LANGUAGE_STANDARD = "gnu++0x";
				CLANG_CXX_LIBRARY = "libc++";
				CLANG_ENABLE_MODULES = YES;
				CLANG_ENABLE_OBJC_ARC = YES;
				CLANG_WARN_BOOL_CONVERSION = YES;
				CLANG_WARN_CONSTANT_CONVERSION = YES;
				CLANG_WARN_DIRECT_OBJC_ISA_USAGE = YES_ERROR;
				CLANG_WARN_EMPTY_BODY = YES;
				CLANG_WARN_ENUM_CONVERSION = YES;
				CLANG_WARN_INT_CONVERSION = YES;
				CLANG_WARN_OBJC_ROOT_CLASS = YES_ERROR;
				CLANG_WARN__DUPLICATE_METHOD_MATCH = YES;
				"CODE_SIGN_IDENTITY[sdk=iphoneos*]" = "iPhone Developer";
				COPY_PHASE_STRIP = YES;
				ENABLE_NS_ASSERTIONS = NO;
				GCC_C_LANGUAGE_STANDARD = gnu99;
				GCC_WARN_64_TO_32_BIT_CONVERSION = YES;
				GCC_WARN_ABOUT_RETURN_TYPE = YES_ERROR;
				GCC_WARN_UNDECLARED_SELECTOR = YES;
				GCC_WARN_UNINITIALIZED_AUTOS = YES;
				GCC_WARN_UNUSED_FUNCTION = YES;
				GCC_WARN_UNUSED_VARIABLE = YES;
				IPHONEOS_DEPLOYMENT_TARGET = 7.0;
				SDKROOT = iphoneos;
				TARGETED_DEVICE_FAMILY = "1,2";
				VALIDATE_PRODUCT = YES;
			};
			name = Release;
		};
		A5FEBFEF1858AF390084B4C5 /* Debug */ = {
			isa = XCBuildConfiguration;
			baseConfigurationReference = 5FD0CAB373EE2D6C4C83326A /* Pods.debug.xcconfig */;
			buildSettings = {
				ASSETCATALOG_COMPILER_APPICON_NAME = AppIcon;
				ASSETCATALOG_COMPILER_LAUNCHIMAGE_NAME = LaunchImage;
				GCC_PRECOMPILE_PREFIX_HEADER = YES;
				GCC_PREFIX_HEADER = "TilosPlayer/TilosPlayer-Prefix.pch";
				INFOPLIST_FILE = "TilosPlayer/TilosPlayer-Info.plist";
				IPHONEOS_DEPLOYMENT_TARGET = 7.1;
				PRODUCT_NAME = "$(TARGET_NAME)";
				TARGETED_DEVICE_FAMILY = 1;
				WRAPPER_EXTENSION = app;
			};
			name = Debug;
		};
		A5FEBFF01858AF390084B4C5 /* Release */ = {
			isa = XCBuildConfiguration;
			baseConfigurationReference = 7AAE1A503F103E2FE028384E /* Pods.release.xcconfig */;
			buildSettings = {
				ASSETCATALOG_COMPILER_APPICON_NAME = AppIcon;
				ASSETCATALOG_COMPILER_LAUNCHIMAGE_NAME = LaunchImage;
				GCC_PRECOMPILE_PREFIX_HEADER = YES;
				GCC_PREFIX_HEADER = "TilosPlayer/TilosPlayer-Prefix.pch";
				INFOPLIST_FILE = "TilosPlayer/TilosPlayer-Info.plist";
				IPHONEOS_DEPLOYMENT_TARGET = 7.1;
				PRODUCT_NAME = "$(TARGET_NAME)";
				TARGETED_DEVICE_FAMILY = 1;
				WRAPPER_EXTENSION = app;
			};
			name = Release;
		};
/* End XCBuildConfiguration section */

/* Begin XCConfigurationList section */
		A5FEBFB11858AF390084B4C5 /* Build configuration list for PBXProject "TilosPlayer" */ = {
			isa = XCConfigurationList;
			buildConfigurations = (
				A5FEBFEC1858AF390084B4C5 /* Debug */,
				A5FEBFED1858AF390084B4C5 /* Release */,
			);
			defaultConfigurationIsVisible = 0;
			defaultConfigurationName = Release;
		};
		A5FEBFEE1858AF390084B4C5 /* Build configuration list for PBXNativeTarget "TilosPlayer" */ = {
			isa = XCConfigurationList;
			buildConfigurations = (
				A5FEBFEF1858AF390084B4C5 /* Debug */,
				A5FEBFF01858AF390084B4C5 /* Release */,
			);
			defaultConfigurationIsVisible = 0;
			defaultConfigurationName = Release;
		};
/* End XCConfigurationList section */
	};
	rootObject = A5FEBFAE1858AF390084B4C5 /* Project object */;
}
